// !$*UTF8*$!
{
	archiveVersion = 1;
	classes = {
	};
	objectVersion = 48;
	objects = {

/* Begin PBXBuildFile section */
		7B36E5E12089B8A5004D2ACE /* Langara.swift in Sources */ = {isa = PBXBuildFile; fileRef = 7B36E5E02089B8A5004D2ACE /* Langara.swift */; };
		7B36E5E32089CC5C004D2ACE /* UBC.swift in Sources */ = {isa = PBXBuildFile; fileRef = 7B36E5E22089CC5C004D2ACE /* UBC.swift */; };
		7B36E5E5208AB6A8004D2ACE /* SFU.swift in Sources */ = {isa = PBXBuildFile; fileRef = 7B36E5E4208AB6A8004D2ACE /* SFU.swift */; };
		7B3ACAE2204A20B60065CB16 /* UploadDataController.swift in Sources */ = {isa = PBXBuildFile; fileRef = 7B3ACAE1204A20B60065CB16 /* UploadDataController.swift */; };
		7B3ACAE4204A22010065CB16 /* GoogleService-Info.plist in Resources */ = {isa = PBXBuildFile; fileRef = 7B3ACAE3204A22010065CB16 /* GoogleService-Info.plist */; };
		7BF3A2F0201A6E9700689AE1 /* AppDelegate.swift in Sources */ = {isa = PBXBuildFile; fileRef = 7BF3A2EF201A6E9700689AE1 /* AppDelegate.swift */; };
		7BF3A2F2201A6E9700689AE1 /* ViewController.swift in Sources */ = {isa = PBXBuildFile; fileRef = 7BF3A2F1201A6E9700689AE1 /* ViewController.swift */; };
		7BF3A2F5201A6E9800689AE1 /* Main.storyboard in Resources */ = {isa = PBXBuildFile; fileRef = 7BF3A2F3201A6E9800689AE1 /* Main.storyboard */; };
		7BF3A2F7201A6E9800689AE1 /* Assets.xcassets in Resources */ = {isa = PBXBuildFile; fileRef = 7BF3A2F6201A6E9800689AE1 /* Assets.xcassets */; };
		7BF3A2FA201A6E9800689AE1 /* LaunchScreen.storyboard in Resources */ = {isa = PBXBuildFile; fileRef = 7BF3A2F8201A6E9800689AE1 /* LaunchScreen.storyboard */; };
		D83800DBD0D44F97EFCC5A95 /* Pods_parse_html_test.framework in Frameworks */ = {isa = PBXBuildFile; fileRef = 87B6368C18ED8BC1DACEE830 /* Pods_parse_html_test.framework */; };
/* End PBXBuildFile section */

/* Begin PBXFileReference section */
		3297200E6D8AB176FB77BA4A /* Pods-parse_html_test.debug.xcconfig */ = {isa = PBXFileReference; includeInIndex = 1; lastKnownFileType = text.xcconfig; name = "Pods-parse_html_test.debug.xcconfig"; path = "Pods/Target Support Files/Pods-parse_html_test/Pods-parse_html_test.debug.xcconfig"; sourceTree = "<group>"; };
		7B36E5E02089B8A5004D2ACE /* Langara.swift */ = {isa = PBXFileReference; lastKnownFileType = sourcecode.swift; path = Langara.swift; sourceTree = "<group>"; };
		7B36E5E22089CC5C004D2ACE /* UBC.swift */ = {isa = PBXFileReference; lastKnownFileType = sourcecode.swift; path = UBC.swift; sourceTree = "<group>"; };
		7B36E5E4208AB6A8004D2ACE /* SFU.swift */ = {isa = PBXFileReference; lastKnownFileType = sourcecode.swift; path = SFU.swift; sourceTree = "<group>"; };
		7B3ACAE1204A20B60065CB16 /* UploadDataController.swift */ = {isa = PBXFileReference; lastKnownFileType = sourcecode.swift; path = UploadDataController.swift; sourceTree = "<group>"; };
		7B3ACAE3204A22010065CB16 /* GoogleService-Info.plist */ = {isa = PBXFileReference; fileEncoding = 4; lastKnownFileType = text.plist.xml; path = "GoogleService-Info.plist"; sourceTree = "<group>"; };
		7BF3A2EC201A6E9700689AE1 /* parse_html_test.app */ = {isa = PBXFileReference; explicitFileType = wrapper.application; includeInIndex = 0; path = parse_html_test.app; sourceTree = BUILT_PRODUCTS_DIR; };
		7BF3A2EF201A6E9700689AE1 /* AppDelegate.swift */ = {isa = PBXFileReference; lastKnownFileType = sourcecode.swift; path = AppDelegate.swift; sourceTree = "<group>"; };
		7BF3A2F1201A6E9700689AE1 /* ViewController.swift */ = {isa = PBXFileReference; lastKnownFileType = sourcecode.swift; path = ViewController.swift; sourceTree = "<group>"; };
		7BF3A2F4201A6E9800689AE1 /* Base */ = {isa = PBXFileReference; lastKnownFileType = file.storyboard; name = Base; path = Base.lproj/Main.storyboard; sourceTree = "<group>"; };
		7BF3A2F6201A6E9800689AE1 /* Assets.xcassets */ = {isa = PBXFileReference; lastKnownFileType = folder.assetcatalog; path = Assets.xcassets; sourceTree = "<group>"; };
		7BF3A2F9201A6E9800689AE1 /* Base */ = {isa = PBXFileReference; lastKnownFileType = file.storyboard; name = Base; path = Base.lproj/LaunchScreen.storyboard; sourceTree = "<group>"; };
		7BF3A2FB201A6E9800689AE1 /* Info.plist */ = {isa = PBXFileReference; lastKnownFileType = text.plist.xml; path = Info.plist; sourceTree = "<group>"; };
		87B6368C18ED8BC1DACEE830 /* Pods_parse_html_test.framework */ = {isa = PBXFileReference; explicitFileType = wrapper.framework; includeInIndex = 0; path = Pods_parse_html_test.framework; sourceTree = BUILT_PRODUCTS_DIR; };
		8FD5CD6A255A42AD31F7FC8D /* Pods-parse_html_test.release.xcconfig */ = {isa = PBXFileReference; includeInIndex = 1; lastKnownFileType = text.xcconfig; name = "Pods-parse_html_test.release.xcconfig"; path = "Pods/Target Support Files/Pods-parse_html_test/Pods-parse_html_test.release.xcconfig"; sourceTree = "<group>"; };
/* End PBXFileReference section */

/* Begin PBXFrameworksBuildPhase section */
		7BF3A2E9201A6E9700689AE1 /* Frameworks */ = {
			isa = PBXFrameworksBuildPhase;
			buildActionMask = 2147483647;
			files = (
				D83800DBD0D44F97EFCC5A95 /* Pods_parse_html_test.framework in Frameworks */,
			);
			runOnlyForDeploymentPostprocessing = 0;
		};
/* End PBXFrameworksBuildPhase section */

/* Begin PBXGroup section */
		7B36E5DF2089B882004D2ACE /* SchoolParseCode */ = {
			isa = PBXGroup;
			children = (
				7B36E5E02089B8A5004D2ACE /* Langara.swift */,
				7B36E5E22089CC5C004D2ACE /* UBC.swift */,
				7B36E5E4208AB6A8004D2ACE /* SFU.swift */,
			);
			path = SchoolParseCode;
			sourceTree = "<group>";
		};
		7BF3A2E3201A6E9700689AE1 = {
			isa = PBXGroup;
			children = (
				7B36E5DF2089B882004D2ACE /* SchoolParseCode */,
				7BF3A2EE201A6E9700689AE1 /* parse_html_test */,
				7BF3A2ED201A6E9700689AE1 /* Products */,
				C438B8DD056A7F6FEA13ECBF /* Pods */,
				AF8F014E71B33E0F4328338F /* Frameworks */,
			);
			sourceTree = "<group>";
		};
		7BF3A2ED201A6E9700689AE1 /* Products */ = {
			isa = PBXGroup;
			children = (
				7BF3A2EC201A6E9700689AE1 /* parse_html_test.app */,
			);
			name = Products;
			sourceTree = "<group>";
		};
		7BF3A2EE201A6E9700689AE1 /* parse_html_test */ = {
			isa = PBXGroup;
			children = (
				7BF3A2F1201A6E9700689AE1 /* ViewController.swift */,
				7B3ACAE1204A20B60065CB16 /* UploadDataController.swift */,
				7BF3A2EF201A6E9700689AE1 /* AppDelegate.swift */,
				7BF3A2F6201A6E9800689AE1 /* Assets.xcassets */,
				7BF3A2F8201A6E9800689AE1 /* LaunchScreen.storyboard */,
				7B3ACAE3204A22010065CB16 /* GoogleService-Info.plist */,
				7BF3A2FB201A6E9800689AE1 /* Info.plist */,
				7BF3A2F3201A6E9800689AE1 /* Main.storyboard */,
			);
			path = parse_html_test;
			sourceTree = "<group>";
		};
		AF8F014E71B33E0F4328338F /* Frameworks */ = {
			isa = PBXGroup;
			children = (
				87B6368C18ED8BC1DACEE830 /* Pods_parse_html_test.framework */,
			);
			name = Frameworks;
			sourceTree = "<group>";
		};
		C438B8DD056A7F6FEA13ECBF /* Pods */ = {
			isa = PBXGroup;
			children = (
				3297200E6D8AB176FB77BA4A /* Pods-parse_html_test.debug.xcconfig */,
				8FD5CD6A255A42AD31F7FC8D /* Pods-parse_html_test.release.xcconfig */,
			);
			name = Pods;
			sourceTree = "<group>";
		};
/* End PBXGroup section */

/* Begin PBXNativeTarget section */
		7BF3A2EB201A6E9700689AE1 /* parse_html_test */ = {
			isa = PBXNativeTarget;
			buildConfigurationList = 7BF3A2FE201A6E9800689AE1 /* Build configuration list for PBXNativeTarget "parse_html_test" */;
			buildPhases = (
				AF645494CF2E7F8CEC53140B /* [CP] Check Pods Manifest.lock */,
				7BF3A2E8201A6E9700689AE1 /* Sources */,
				7BF3A2E9201A6E9700689AE1 /* Frameworks */,
				7BF3A2EA201A6E9700689AE1 /* Resources */,
				7A988098A0105800E0441CDE /* [CP] Embed Pods Frameworks */,
				FBE852A69F97C6E5CC32F066 /* [CP] Copy Pods Resources */,
			);
			buildRules = (
			);
			dependencies = (
			);
			name = parse_html_test;
			productName = parse_html_test;
			productReference = 7BF3A2EC201A6E9700689AE1 /* parse_html_test.app */;
			productType = "com.apple.product-type.application";
		};
/* End PBXNativeTarget section */

/* Begin PBXProject section */
		7BF3A2E4201A6E9700689AE1 /* Project object */ = {
			isa = PBXProject;
			attributes = {
				LastSwiftUpdateCheck = 0920;
				LastUpgradeCheck = 0930;
				ORGANIZATIONNAME = "Qichen Huang";
				TargetAttributes = {
					7BF3A2EB201A6E9700689AE1 = {
						CreatedOnToolsVersion = 9.2;
						ProvisioningStyle = Automatic;
					};
				};
			};
			buildConfigurationList = 7BF3A2E7201A6E9700689AE1 /* Build configuration list for PBXProject "parse_html_test" */;
			compatibilityVersion = "Xcode 8.0";
			developmentRegion = en;
			hasScannedForEncodings = 0;
			knownRegions = (
				en,
				Base,
			);
			mainGroup = 7BF3A2E3201A6E9700689AE1;
			productRefGroup = 7BF3A2ED201A6E9700689AE1 /* Products */;
			projectDirPath = "";
			projectRoot = "";
			targets = (
				7BF3A2EB201A6E9700689AE1 /* parse_html_test */,
			);
		};
/* End PBXProject section */

/* Begin PBXResourcesBuildPhase section */
		7BF3A2EA201A6E9700689AE1 /* Resources */ = {
			isa = PBXResourcesBuildPhase;
			buildActionMask = 2147483647;
			files = (
				7BF3A2FA201A6E9800689AE1 /* LaunchScreen.storyboard in Resources */,
				7B3ACAE4204A22010065CB16 /* GoogleService-Info.plist in Resources */,
				7BF3A2F7201A6E9800689AE1 /* Assets.xcassets in Resources */,
				7BF3A2F5201A6E9800689AE1 /* Main.storyboard in Resources */,
			);
			runOnlyForDeploymentPostprocessing = 0;
		};
/* End PBXResourcesBuildPhase section */

/* Begin PBXShellScriptBuildPhase section */
		7A988098A0105800E0441CDE /* [CP] Embed Pods Frameworks */ = {
			isa = PBXShellScriptBuildPhase;
			buildActionMask = 2147483647;
			files = (
			);
			inputPaths = (
				"${SRCROOT}/Pods/Target Support Files/Pods-parse_html_test/Pods-parse_html_test-frameworks.sh",
				"${BUILT_PRODUCTS_DIR}/Alamofire/Alamofire.framework",
				"${BUILT_PRODUCTS_DIR}/GTMSessionFetcher/GTMSessionFetcher.framework",
				"${BUILT_PRODUCTS_DIR}/GoogleToolboxForMac/GoogleToolboxForMac.framework",
				"${BUILT_PRODUCTS_DIR}/SwiftSoup/SwiftSoup.framework",
				"${BUILT_PRODUCTS_DIR}/SwiftyJSON/SwiftyJSON.framework",
				"${BUILT_PRODUCTS_DIR}/TRON/TRON.framework",
				"${BUILT_PRODUCTS_DIR}/leveldb-library/leveldb.framework",
				"${BUILT_PRODUCTS_DIR}/nanopb/nanopb.framework",
			);
			name = "[CP] Embed Pods Frameworks";
			outputPaths = (
				"${TARGET_BUILD_DIR}/${FRAMEWORKS_FOLDER_PATH}/Alamofire.framework",
				"${TARGET_BUILD_DIR}/${FRAMEWORKS_FOLDER_PATH}/GTMSessionFetcher.framework",
				"${TARGET_BUILD_DIR}/${FRAMEWORKS_FOLDER_PATH}/GoogleToolboxForMac.framework",
				"${TARGET_BUILD_DIR}/${FRAMEWORKS_FOLDER_PATH}/SwiftSoup.framework",
				"${TARGET_BUILD_DIR}/${FRAMEWORKS_FOLDER_PATH}/SwiftyJSON.framework",
				"${TARGET_BUILD_DIR}/${FRAMEWORKS_FOLDER_PATH}/TRON.framework",
				"${TARGET_BUILD_DIR}/${FRAMEWORKS_FOLDER_PATH}/leveldb.framework",
				"${TARGET_BUILD_DIR}/${FRAMEWORKS_FOLDER_PATH}/nanopb.framework",
			);
			runOnlyForDeploymentPostprocessing = 0;
			shellPath = /bin/sh;
			shellScript = "\"${SRCROOT}/Pods/Target Support Files/Pods-parse_html_test/Pods-parse_html_test-frameworks.sh\"\n";
			showEnvVarsInLog = 0;
		};
		AF645494CF2E7F8CEC53140B /* [CP] Check Pods Manifest.lock */ = {
			isa = PBXShellScriptBuildPhase;
			buildActionMask = 2147483647;
			files = (
			);
			inputPaths = (
				"${PODS_PODFILE_DIR_PATH}/Podfile.lock",
				"${PODS_ROOT}/Manifest.lock",
			);
			name = "[CP] Check Pods Manifest.lock";
			outputPaths = (
				"$(DERIVED_FILE_DIR)/Pods-parse_html_test-checkManifestLockResult.txt",
			);
			runOnlyForDeploymentPostprocessing = 0;
			shellPath = /bin/sh;
			shellScript = "diff \"${PODS_PODFILE_DIR_PATH}/Podfile.lock\" \"${PODS_ROOT}/Manifest.lock\" > /dev/null\nif [ $? != 0 ] ; then\n    # print error to STDERR\n    echo \"error: The sandbox is not in sync with the Podfile.lock. Run 'pod install' or update your CocoaPods installation.\" >&2\n    exit 1\nfi\n# This output is used by Xcode 'outputs' to avoid re-running this script phase.\necho \"SUCCESS\" > \"${SCRIPT_OUTPUT_FILE_0}\"\n";
			showEnvVarsInLog = 0;
		};
		FBE852A69F97C6E5CC32F066 /* [CP] Copy Pods Resources */ = {
			isa = PBXShellScriptBuildPhase;
			buildActionMask = 2147483647;
			files = (
			);
			inputPaths = (
			);
			name = "[CP] Copy Pods Resources";
			outputPaths = (
			);
			runOnlyForDeploymentPostprocessing = 0;
			shellPath = /bin/sh;
			shellScript = "\"${SRCROOT}/Pods/Target Support Files/Pods-parse_html_test/Pods-parse_html_test-resources.sh\"\n";
			showEnvVarsInLog = 0;
		};
/* End PBXShellScriptBuildPhase section */

/* Begin PBXSourcesBuildPhase section */
		7BF3A2E8201A6E9700689AE1 /* Sources */ = {
			isa = PBXSourcesBuildPhase;
			buildActionMask = 2147483647;
			files = (
				7B36E5E5208AB6A8004D2ACE /* SFU.swift in Sources */,
				7B36E5E32089CC5C004D2ACE /* UBC.swift in Sources */,
				7BF3A2F2201A6E9700689AE1 /* ViewController.swift in Sources */,
				7BF3A2F0201A6E9700689AE1 /* AppDelegate.swift in Sources */,
				7B36E5E12089B8A5004D2ACE /* Langara.swift in Sources */,
				7B3ACAE2204A20B60065CB16 /* UploadDataController.swift in Sources */,
			);
			runOnlyForDeploymentPostprocessing = 0;
		};
/* End PBXSourcesBuildPhase section */

/* Begin PBXVariantGroup section */
		7BF3A2F3201A6E9800689AE1 /* Main.storyboard */ = {
			isa = PBXVariantGroup;
			children = (
				7BF3A2F4201A6E9800689AE1 /* Base */,
			);
			name = Main.storyboard;
			sourceTree = "<group>";
		};
		7BF3A2F8201A6E9800689AE1 /* LaunchScreen.storyboard */ = {
			isa = PBXVariantGroup;
			children = (
				7BF3A2F9201A6E9800689AE1 /* Base */,
			);
			name = LaunchScreen.storyboard;
			sourceTree = "<group>";
		};
/* End PBXVariantGroup section */

/* Begin XCBuildConfiguration section */
		7BF3A2FC201A6E9800689AE1 /* Debug */ = {
			isa = XCBuildConfiguration;
			buildSettings = {
				ALWAYS_SEARCH_USER_PATHS = NO;
				CLANG_ANALYZER_NONNULL = YES;
				CLANG_ANALYZER_NUMBER_OBJECT_CONVERSION = YES_AGGRESSIVE;
				CLANG_CXX_LANGUAGE_STANDARD = "gnu++14";
				CLANG_CXX_LIBRARY = "libc++";
				CLANG_ENABLE_MODULES = YES;
				CLANG_ENABLE_OBJC_ARC = YES;
				CLANG_WARN_BLOCK_CAPTURE_AUTORELEASING = YES;
				CLANG_WARN_BOOL_CONVERSION = YES;
				CLANG_WARN_COMMA = YES;
				CLANG_WARN_CONSTANT_CONVERSION = YES;
				CLANG_WARN_DEPRECATED_OBJC_IMPLEMENTATIONS = YES;
				CLANG_WARN_DIRECT_OBJC_ISA_USAGE = YES_ERROR;
				CLANG_WARN_DOCUMENTATION_COMMENTS = YES;
				CLANG_WARN_EMPTY_BODY = YES;
				CLANG_WARN_ENUM_CONVERSION = YES;
				CLANG_WARN_INFINITE_RECURSION = YES;
				CLANG_WARN_INT_CONVERSION = YES;
				CLANG_WARN_NON_LITERAL_NULL_CONVERSION = YES;
				CLANG_WARN_OBJC_IMPLICIT_RETAIN_SELF = YES;
				CLANG_WARN_OBJC_LITERAL_CONVERSION = YES;
				CLANG_WARN_OBJC_ROOT_CLASS = YES_ERROR;
				CLANG_WARN_RANGE_LOOP_ANALYSIS = YES;
				CLANG_WARN_STRICT_PROTOTYPES = YES;
				CLANG_WARN_SUSPICIOUS_MOVE = YES;
				CLANG_WARN_UNGUARDED_AVAILABILITY = YES_AGGRESSIVE;
				CLANG_WARN_UNREACHABLE_CODE = YES;
				CLANG_WARN__DUPLICATE_METHOD_MATCH = YES;
				CODE_SIGN_IDENTITY = "iPhone Developer";
				COPY_PHASE_STRIP = NO;
				DEBUG_INFORMATION_FORMAT = dwarf;
				ENABLE_STRICT_OBJC_MSGSEND = YES;
				ENABLE_TESTABILITY = YES;
				GCC_C_LANGUAGE_STANDARD = gnu11;
				GCC_DYNAMIC_NO_PIC = NO;
				GCC_NO_COMMON_BLOCKS = YES;
				GCC_OPTIMIZATION_LEVEL = 0;
				GCC_PREPROCESSOR_DEFINITIONS = (
					"DEBUG=1",
					"$(inherited)",
				);
				GCC_WARN_64_TO_32_BIT_CONVERSION = YES;
				GCC_WARN_ABOUT_RETURN_TYPE = YES_ERROR;
				GCC_WARN_UNDECLARED_SELECTOR = YES;
				GCC_WARN_UNINITIALIZED_AUTOS = YES_AGGRESSIVE;
				GCC_WARN_UNUSED_FUNCTION = YES;
				GCC_WARN_UNUSED_VARIABLE = YES;
				IPHONEOS_DEPLOYMENT_TARGET = 11.2;
				MTL_ENABLE_DEBUG_INFO = YES;
				ONLY_ACTIVE_ARCH = YES;
				SDKROOT = iphoneos;
				SWIFT_ACTIVE_COMPILATION_CONDITIONS = DEBUG;
				SWIFT_OPTIMIZATION_LEVEL = "-Onone";
			};
			name = Debug;
		};
		7BF3A2FD201A6E9800689AE1 /* Release */ = {
			isa = XCBuildConfiguration;
			buildSettings = {
				ALWAYS_SEARCH_USER_PATHS = NO;
				CLANG_ANALYZER_NONNULL = YES;
				CLANG_ANALYZER_NUMBER_OBJECT_CONVERSION = YES_AGGRESSIVE;
				CLANG_CXX_LANGUAGE_STANDARD = "gnu++14";
				CLANG_CXX_LIBRARY = "libc++";
				CLANG_ENABLE_MODULES = YES;
				CLANG_ENABLE_OBJC_ARC = YES;
				CLANG_WARN_BLOCK_CAPTURE_AUTORELEASING = YES;
				CLANG_WARN_BOOL_CONVERSION = YES;
				CLANG_WARN_COMMA = YES;
				CLANG_WARN_CONSTANT_CONVERSION = YES;
				CLANG_WARN_DEPRECATED_OBJC_IMPLEMENTATIONS = YES;
				CLANG_WARN_DIRECT_OBJC_ISA_USAGE = YES_ERROR;
				CLANG_WARN_DOCUMENTATION_COMMENTS = YES;
				CLANG_WARN_EMPTY_BODY = YES;
				CLANG_WARN_ENUM_CONVERSION = YES;
				CLANG_WARN_INFINITE_RECURSION = YES;
				CLANG_WARN_INT_CONVERSION = YES;
				CLANG_WARN_NON_LITERAL_NULL_CONVERSION = YES;
				CLANG_WARN_OBJC_IMPLICIT_RETAIN_SELF = YES;
				CLANG_WARN_OBJC_LITERAL_CONVERSION = YES;
				CLANG_WARN_OBJC_ROOT_CLASS = YES_ERROR;
				CLANG_WARN_RANGE_LOOP_ANALYSIS = YES;
				CLANG_WARN_STRICT_PROTOTYPES = YES;
				CLANG_WARN_SUSPICIOUS_MOVE = YES;
				CLANG_WARN_UNGUARDED_AVAILABILITY = YES_AGGRESSIVE;
				CLANG_WARN_UNREACHABLE_CODE = YES;
				CLANG_WARN__DUPLICATE_METHOD_MATCH = YES;
				CODE_SIGN_IDENTITY = "iPhone Developer";
				COPY_PHASE_STRIP = NO;
				DEBUG_INFORMATION_FORMAT = "dwarf-with-dsym";
				ENABLE_NS_ASSERTIONS = NO;
				ENABLE_STRICT_OBJC_MSGSEND = YES;
				GCC_C_LANGUAGE_STANDARD = gnu11;
				GCC_NO_COMMON_BLOCKS = YES;
				GCC_WARN_64_TO_32_BIT_CONVERSION = YES;
				GCC_WARN_ABOUT_RETURN_TYPE = YES_ERROR;
				GCC_WARN_UNDECLARED_SELECTOR = YES;
				GCC_WARN_UNINITIALIZED_AUTOS = YES_AGGRESSIVE;
				GCC_WARN_UNUSED_FUNCTION = YES;
				GCC_WARN_UNUSED_VARIABLE = YES;
				IPHONEOS_DEPLOYMENT_TARGET = 11.2;
				MTL_ENABLE_DEBUG_INFO = NO;
				SDKROOT = iphoneos;
				SWIFT_OPTIMIZATION_LEVEL = "-Owholemodule";
				VALIDATE_PRODUCT = YES;
			};
			name = Release;
		};
		7BF3A2FF201A6E9800689AE1 /* Debug */ = {
			isa = XCBuildConfiguration;
			baseConfigurationReference = 3297200E6D8AB176FB77BA4A /* Pods-parse_html_test.debug.xcconfig */;
			buildSettings = {
				ASSETCATALOG_COMPILER_APPICON_NAME = AppIcon;
				CODE_SIGN_STYLE = Automatic;
				DEVELOPMENT_TEAM = M993KE8Y7Q;
				INFOPLIST_FILE = parse_html_test/Info.plist;
				LD_RUNPATH_SEARCH_PATHS = "$(inherited) @executable_path/Frameworks";
				PRODUCT_BUNDLE_IDENTIFIER = "com.geek.Dice.parse-html-test";
				PRODUCT_NAME = "$(TARGET_NAME)";
				SWIFT_VERSION = 4.0;
				TARGETED_DEVICE_FAMILY = "1,2";
			};
			name = Debug;
		};
		7BF3A300201A6E9800689AE1 /* Release */ = {
			isa = XCBuildConfiguration;
			baseConfigurationReference = 8FD5CD6A255A42AD31F7FC8D /* Pods-parse_html_test.release.xcconfig */;
			buildSettings = {
				ASSETCATALOG_COMPILER_APPICON_NAME = AppIcon;
				CODE_SIGN_STYLE = Automatic;
				DEVELOPMENT_TEAM = M993KE8Y7Q;
				INFOPLIST_FILE = parse_html_test/Info.plist;
				LD_RUNPATH_SEARCH_PATHS = "$(inherited) @executable_path/Frameworks";
				PRODUCT_BUNDLE_IDENTIFIER = "com.geek.Dice.parse-html-test";
				PRODUCT_NAME = "$(TARGET_NAME)";
				SWIFT_VERSION = 4.0;
				TARGETED_DEVICE_FAMILY = "1,2";
			};
			name = Release;
		};
/* End XCBuildConfiguration section */

/* Begin XCConfigurationList section */
		7BF3A2E7201A6E9700689AE1 /* Build configuration list for PBXProject "parse_html_test" */ = {
			isa = XCConfigurationList;
			buildConfigurations = (
				7BF3A2FC201A6E9800689AE1 /* Debug */,
				7BF3A2FD201A6E9800689AE1 /* Release */,
			);
			defaultConfigurationIsVisible = 0;
			defaultConfigurationName = Release;
		};
		7BF3A2FE201A6E9800689AE1 /* Build configuration list for PBXNativeTarget "parse_html_test" */ = {
			isa = XCConfigurationList;
			buildConfigurations = (
				7BF3A2FF201A6E9800689AE1 /* Debug */,
				7BF3A300201A6E9800689AE1 /* Release */,
			);
			defaultConfigurationIsVisible = 0;
			defaultConfigurationName = Release;
		};
/* End XCConfigurationList section */
	};
	rootObject = 7BF3A2E4201A6E9700689AE1 /* Project object */;
}
